
Microsoft Visual Studio Solution File, Format Version 12.00
# Visual Studio Version 16
VisualStudioVersion = 16.0.30907.101
MinimumVisualStudioVersion = 10.0.40219.1
Project("{FAE04EC0-301F-11D3-BF4B-00C04F79EFBC}") = "Chat", "Chat\Chat.csproj", "{9C7D191B-2F0D-4F4D-99BE-682D3BA477D3}"
EndProject
Project("{FAE04EC0-301F-11D3-BF4B-00C04F79EFBC}") = "Chat_zwei", "Chat_zwei\Chat_zwei.csproj", "{F9E0FF9E-0507-4EB8-865A-A04C20129810}"
EndProject
Global
	GlobalSection(SolutionConfigurationPlatforms) = preSolution
		Debug|Any CPU = Debug|Any CPU
		Release|Any CPU = Release|Any CPU
	EndGlobalSection
	GlobalSection(ProjectConfigurationPlatforms) = postSolution
		{9C7D191B-2F0D-4F4D-99BE-682D3BA477D3}.Debug|Any CPU.ActiveCfg = Debug|Any CPU
		{9C7D191B-2F0D-4F4D-99BE-682D3BA477D3}.Debug|Any CPU.Build.0 = Debug|Any CPU
		{9C7D191B-2F0D-4F4D-99BE-682D3BA477D3}.Release|Any CPU.ActiveCfg = Release|Any CPU
		{9C7D191B-2F0D-4F4D-99BE-682D3BA477D3}.Release|Any CPU.Build.0 = Release|Any CPU
		{F9E0FF9E-0507-4EB8-865A-A04C20129810}.Debug|Any CPU.ActiveCfg = Debug|Any CPU
		{F9E0FF9E-0507-4EB8-865A-A04C20129810}.Debug|Any CPU.Build.0 = Debug|Any CPU
		{F9E0FF9E-0507-4EB8-865A-A04C20129810}.Release|Any CPU.ActiveCfg = Release|Any CPU
		{F9E0FF9E-0507-4EB8-865A-A04C20129810}.Release|Any CPU.Build.0 = Release|Any CPU
	EndGlobalSection
	GlobalSection(SolutionProperties) = preSolution
		HideSolutionNode = FALSE
	EndGlobalSection
	GlobalSection(ExtensibilityGlobals) = postSolution
		SolutionGuid = {08482A64-667E-45CE-A312-915624F3685B}
	EndGlobalSection
EndGlobal
